
Microsoft Visual Studio Solution File, Format Version 12.00
# Visual Studio Version 17
VisualStudioVersion = 17.11.35327.3
MinimumVisualStudioVersion = 10.0.40219.1
Project("{9A19103F-16F7-4668-BE54-9A1E7A4F7556}") = "ServicePhoto.WebApi", "Presentation\ServicePhoto.WebApi\ServicePhoto.WebApi.csproj", "{58EE4B5C-B04E-416A-91E6-FDC63C19299F}"
EndProject
Project("{2150E333-8FDC-42A3-9474-1A3956D46DE8}") = "Presentation", "Presentation", "{E049B182-FD5A-4A1E-9FC5-595891F095C9}"
EndProject
Project("{2150E333-8FDC-42A3-9474-1A3956D46DE8}") = "Infrastructure", "Infrastructure", "{1141BBDF-F4F0-4847-BABF-93A449FEB7F2}"
EndProject
Project("{9A19103F-16F7-4668-BE54-9A1E7A4F7556}") = "ServicePhoto.DataEntityFramework", "Infrastructure\ServicePhoto.DataEntityFramework\ServicePhoto.DataEntityFramework.csproj", "{4D8C7658-7546-4885-B741-FA44A8663980}"
EndProject
Project("{9A19103F-16F7-4668-BE54-9A1E7A4F7556}") = "ServicePhoto.Domain", "ServicePhoto.Domain\ServicePhoto.Domain.csproj", "{0DD60254-8A05-4FB1-AF45-674F36BCA272}"
EndProject
Global
	GlobalSection(SolutionConfigurationPlatforms) = preSolution
		Debug|Any CPU = Debug|Any CPU
		Release|Any CPU = Release|Any CPU
	EndGlobalSection
	GlobalSection(ProjectConfigurationPlatforms) = postSolution
		{58EE4B5C-B04E-416A-91E6-FDC63C19299F}.Debug|Any CPU.ActiveCfg = Debug|Any CPU
		{58EE4B5C-B04E-416A-91E6-FDC63C19299F}.Debug|Any CPU.Build.0 = Debug|Any CPU
		{58EE4B5C-B04E-416A-91E6-FDC63C19299F}.Release|Any CPU.ActiveCfg = Release|Any CPU
		{58EE4B5C-B04E-416A-91E6-FDC63C19299F}.Release|Any CPU.Build.0 = Release|Any CPU
		{4D8C7658-7546-4885-B741-FA44A8663980}.Debug|Any CPU.ActiveCfg = Debug|Any CPU
		{4D8C7658-7546-4885-B741-FA44A8663980}.Debug|Any CPU.Build.0 = Debug|Any CPU
		{4D8C7658-7546-4885-B741-FA44A8663980}.Release|Any CPU.ActiveCfg = Release|Any CPU
		{4D8C7658-7546-4885-B741-FA44A8663980}.Release|Any CPU.Build.0 = Release|Any CPU
		{0DD60254-8A05-4FB1-AF45-674F36BCA272}.Debug|Any CPU.ActiveCfg = Debug|Any CPU
		{0DD60254-8A05-4FB1-AF45-674F36BCA272}.Debug|Any CPU.Build.0 = Debug|Any CPU
		{0DD60254-8A05-4FB1-AF45-674F36BCA272}.Release|Any CPU.ActiveCfg = Release|Any CPU
		{0DD60254-8A05-4FB1-AF45-674F36BCA272}.Release|Any CPU.Build.0 = Release|Any CPU
	EndGlobalSection
	GlobalSection(SolutionProperties) = preSolution
		HideSolutionNode = FALSE
	EndGlobalSection
	GlobalSection(NestedProjects) = preSolution
		{58EE4B5C-B04E-416A-91E6-FDC63C19299F} = {E049B182-FD5A-4A1E-9FC5-595891F095C9}
		{4D8C7658-7546-4885-B741-FA44A8663980} = {1141BBDF-F4F0-4847-BABF-93A449FEB7F2}
	EndGlobalSection
	GlobalSection(ExtensibilityGlobals) = postSolution
		SolutionGuid = {148A5BD7-39FA-4FF8-A1A9-6C1D12C063C5}
	EndGlobalSection
EndGlobal
